{
  "requires": true,
  "lockfileVersion": 1,
  "dependencies": {
    "js-combinatorics": {
      "version": "0.5.5",
      "resolved": "https://registry.npmjs.org/js-combinatorics/-/js-combinatorics-0.5.5.tgz",
      "integrity": "sha512-WglFY9EQvwndNhuJLxxyjnC16649lfZly/G3M3zgQMwcWlJDJ0Jn9niPWeYjnLXwWOEycYVxR2Tk98WLeFkrcw=="
    }
  }
}
